
Microsoft Visual Studio Solution File, Format Version 12.00
# Visual Studio Version 16
VisualStudioVersion = 16.0.31727.386
MinimumVisualStudioVersion = 10.0.40219.1
Project("{FAE04EC0-301F-11D3-BF4B-00C04F79EFBC}") = "CoreDemo", "CoreDemo\CoreDemo.csproj", "{AA0A4589-58F0-4E29-9C81-3969155DAF10}"
EndProject
Project("{FAE04EC0-301F-11D3-BF4B-00C04F79EFBC}") = "EntityLayer", "EntityLayer\EntityLayer.csproj", "{A92086A7-1F78-42DA-AA6D-94D3C33C6B3F}"
EndProject
Project("{FAE04EC0-301F-11D3-BF4B-00C04F79EFBC}") = "DataAccessLayer", "DataAccessLayer\DataAccessLayer.csproj", "{14DA9701-80ED-456F-9908-736AACAAB8DE}"
EndProject
Project("{FAE04EC0-301F-11D3-BF4B-00C04F79EFBC}") = "BusinessLayer", "BusinessLayer\BusinessLayer.csproj", "{71BD05CA-180D-47CA-8261-86D099AFA6DD}"
EndProject
Project("{FAE04EC0-301F-11D3-BF4B-00C04F79EFBC}") = "CoreLayer", "CoreLayer\CoreLayer.csproj", "{A4CE807E-A839-43CB-BB35-7A16B017C8BB}"
EndProject
Global
	GlobalSection(SolutionConfigurationPlatforms) = preSolution
		Debug|Any CPU = Debug|Any CPU
		Release|Any CPU = Release|Any CPU
	EndGlobalSection
	GlobalSection(ProjectConfigurationPlatforms) = postSolution
		{AA0A4589-58F0-4E29-9C81-3969155DAF10}.Debug|Any CPU.ActiveCfg = Debug|Any CPU
		{AA0A4589-58F0-4E29-9C81-3969155DAF10}.Debug|Any CPU.Build.0 = Debug|Any CPU
		{AA0A4589-58F0-4E29-9C81-3969155DAF10}.Release|Any CPU.ActiveCfg = Release|Any CPU
		{AA0A4589-58F0-4E29-9C81-3969155DAF10}.Release|Any CPU.Build.0 = Release|Any CPU
		{A92086A7-1F78-42DA-AA6D-94D3C33C6B3F}.Debug|Any CPU.ActiveCfg = Debug|Any CPU
		{A92086A7-1F78-42DA-AA6D-94D3C33C6B3F}.Debug|Any CPU.Build.0 = Debug|Any CPU
		{A92086A7-1F78-42DA-AA6D-94D3C33C6B3F}.Release|Any CPU.ActiveCfg = Release|Any CPU
		{A92086A7-1F78-42DA-AA6D-94D3C33C6B3F}.Release|Any CPU.Build.0 = Release|Any CPU
		{14DA9701-80ED-456F-9908-736AACAAB8DE}.Debug|Any CPU.ActiveCfg = Debug|Any CPU
		{14DA9701-80ED-456F-9908-736AACAAB8DE}.Debug|Any CPU.Build.0 = Debug|Any CPU
		{14DA9701-80ED-456F-9908-736AACAAB8DE}.Release|Any CPU.ActiveCfg = Release|Any CPU
		{14DA9701-80ED-456F-9908-736AACAAB8DE}.Release|Any CPU.Build.0 = Release|Any CPU
		{71BD05CA-180D-47CA-8261-86D099AFA6DD}.Debug|Any CPU.ActiveCfg = Debug|Any CPU
		{71BD05CA-180D-47CA-8261-86D099AFA6DD}.Debug|Any CPU.Build.0 = Debug|Any CPU
		{71BD05CA-180D-47CA-8261-86D099AFA6DD}.Release|Any CPU.ActiveCfg = Release|Any CPU
		{71BD05CA-180D-47CA-8261-86D099AFA6DD}.Release|Any CPU.Build.0 = Release|Any CPU
		{A4CE807E-A839-43CB-BB35-7A16B017C8BB}.Debug|Any CPU.ActiveCfg = Debug|Any CPU
		{A4CE807E-A839-43CB-BB35-7A16B017C8BB}.Debug|Any CPU.Build.0 = Debug|Any CPU
		{A4CE807E-A839-43CB-BB35-7A16B017C8BB}.Release|Any CPU.ActiveCfg = Release|Any CPU
		{A4CE807E-A839-43CB-BB35-7A16B017C8BB}.Release|Any CPU.Build.0 = Release|Any CPU
	EndGlobalSection
	GlobalSection(SolutionProperties) = preSolution
		HideSolutionNode = FALSE
	EndGlobalSection
	GlobalSection(ExtensibilityGlobals) = postSolution
		SolutionGuid = {EA411BB5-C019-41BA-A56F-F3CAFF70EDF0}
	EndGlobalSection
EndGlobal
